
Microsoft Visual Studio Solution File, Format Version 12.00
# Visual Studio Version 16
VisualStudioVersion = 16.0.29519.181
MinimumVisualStudioVersion = 10.0.40219.1
Project("{FAE04EC0-301F-11D3-BF4B-00C04F79EFBC}") = "CalculatorTesting", "CalculatorTesting\CalculatorTesting.csproj", "{A5A9AAC2-A01C-49B3-810D-5DB17CF194E8}"
EndProject
Project("{FAE04EC0-301F-11D3-BF4B-00C04F79EFBC}") = "WebDriverHomeworks", "WebDriverHomeworks\WebDriverHomeworks.csproj", "{3DFED05B-F23F-4FD1-8EA0-CE921D46E128}"
EndProject
Global
	GlobalSection(SolutionConfigurationPlatforms) = preSolution
		Debug|Any CPU = Debug|Any CPU
		Release|Any CPU = Release|Any CPU
	EndGlobalSection
	GlobalSection(ProjectConfigurationPlatforms) = postSolution
		{A5A9AAC2-A01C-49B3-810D-5DB17CF194E8}.Debug|Any CPU.ActiveCfg = Debug|Any CPU
		{A5A9AAC2-A01C-49B3-810D-5DB17CF194E8}.Debug|Any CPU.Build.0 = Debug|Any CPU
		{A5A9AAC2-A01C-49B3-810D-5DB17CF194E8}.Release|Any CPU.ActiveCfg = Release|Any CPU
		{A5A9AAC2-A01C-49B3-810D-5DB17CF194E8}.Release|Any CPU.Build.0 = Release|Any CPU
		{3DFED05B-F23F-4FD1-8EA0-CE921D46E128}.Debug|Any CPU.ActiveCfg = Debug|Any CPU
		{3DFED05B-F23F-4FD1-8EA0-CE921D46E128}.Debug|Any CPU.Build.0 = Debug|Any CPU
		{3DFED05B-F23F-4FD1-8EA0-CE921D46E128}.Release|Any CPU.ActiveCfg = Release|Any CPU
		{3DFED05B-F23F-4FD1-8EA0-CE921D46E128}.Release|Any CPU.Build.0 = Release|Any CPU
	EndGlobalSection
	GlobalSection(SolutionProperties) = preSolution
		HideSolutionNode = FALSE
	EndGlobalSection
	GlobalSection(ExtensibilityGlobals) = postSolution
		SolutionGuid = {85054803-1498-42EF-995D-47F27534C53C}
	EndGlobalSection
EndGlobal
